hash: cc9a527a687b511884fc0f9a4a71b0924b70291f778fbc255a23103858a378d9
updated: 2016-08-08T15:16:57.559729253-06:00
imports:
- name: github.com/deis/controller-sdk-go
  version: ac8f6dce8f544c137607408f568fbf868e8027a9
- name: github.com/onsi/ginkgo
  version: 74c678d97c305753605c338c6c78c49ec104b5e7
  subpackages:
  - config
  - internal/codelocation
  - internal/failer
  - internal/remote
  - internal/suite
  - internal/testingtproxy
  - internal/writer
  - reporters
  - reporters/stenographer
  - types
  - internal/containernode
  - internal/leafnodes
  - internal/spec
  - internal/specrunner
- name: github.com/onsi/gomega
  version: 7ce781ea776b2fd506491011353bded2e40c8467
  subpackages:
  - gbytes
  - gexec
  - internal/assertion
  - internal/asyncassertion
  - internal/testingtsupport
  - matchers
  - types
  - format
  - internal/oraclematcher
  - matchers/support/goraph/bipartitegraph
  - matchers/support/goraph/edge
  - matchers/support/goraph/node
  - matchers/support/goraph/util
- name: golang.org/x/sys
  version: a646d33e2ee3172a661fc09bca23bb4889a41bc8
  subpackages:
  - unix
devImports: []
